// !$*UTF8*$!
{
	archiveVersion = 1;
	classes = {
	};
	objectVersion = 56;
	objects = {

/* Begin PBXBuildFile section */
		4602AC5E2A09A8E6003D2CD7 /* AppModel.swift in Sources */ = {isa = PBXBuildFile; fileRef = 4602AC5D2A09A8E6003D2CD7 /* AppModel.swift */; };
		460366772A02BCBA00767788 /* ShareSheetView.swift in Sources */ = {isa = PBXBuildFile; fileRef = 460366762A02BCBA00767788 /* ShareSheetView.swift */; };
		4606162A2A0DABB4007F43FC /* AppModel.swift in Sources */ = {isa = PBXBuildFile; fileRef = 4602AC5D2A09A8E6003D2CD7 /* AppModel.swift */; };
		460E3A342A0EDC6100436AF1 /* CoreDataStack.swift in Sources */ = {isa = PBXBuildFile; fileRef = 460E3A332A0EDC6100436AF1 /* CoreDataStack.swift */; };
		460E3A352A0EDC6100436AF1 /* CoreDataStack.swift in Sources */ = {isa = PBXBuildFile; fileRef = 460E3A332A0EDC6100436AF1 /* CoreDataStack.swift */; };
		465882DC29F8D4C600E2DF56 /* RootView.swift in Sources */ = {isa = PBXBuildFile; fileRef = 465882DB29F8D4C600E2DF56 /* RootView.swift */; };
		465882DE29F8D57600E2DF56 /* LibraryView.swift in Sources */ = {isa = PBXBuildFile; fileRef = 465882DD29F8D57600E2DF56 /* LibraryView.swift */; };
		465882E029F8D5BA00E2DF56 /* AppsView.swift in Sources */ = {isa = PBXBuildFile; fileRef = 465882DF29F8D5BA00E2DF56 /* AppsView.swift */; };
		46A5D85629E7C1FA00C541CE /* CoreData.swift in Sources */ = {isa = PBXBuildFile; fileRef = 46A5D85529E7C1FA00C541CE /* CoreData.swift */; };
		46A5D85729E7C29F00C541CE /* CoreData.swift in Sources */ = {isa = PBXBuildFile; fileRef = 46A5D85529E7C1FA00C541CE /* CoreData.swift */; };
		46AB95C129E2E5670003A3F4 /* ShareViewController.swift in Sources */ = {isa = PBXBuildFile; fileRef = 46AB95C029E2E5670003A3F4 /* ShareViewController.swift */; };
		46AB95C829E2E5670003A3F4 /* sharetempo.appex in Embed Foundation Extensions */ = {isa = PBXBuildFile; fileRef = 46AB95BE29E2E5670003A3F4 /* sharetempo.appex */; settings = {ATTRIBUTES = (RemoveHeadersOnCopy, ); }; };
		46AF379E29FF03670076982E /* LookupResult.swift in Sources */ = {isa = PBXBuildFile; fileRef = 46DE82E029F5AC9F00A7869A /* LookupResult.swift */; };
		46AF379F29FF0EB10076982E /* Assets.xcassets in Resources */ = {isa = PBXBuildFile; fileRef = 46BD14E529E2767900C3BBE4 /* Assets.xcassets */; };
		46AF37A429FF18470076982E /* AppStoreAPI.swift in Sources */ = {isa = PBXBuildFile; fileRef = 46DE82ED29F5B11800A7869A /* AppStoreAPI.swift */; };
		46BCA5CB29F8421400D07989 /* HomeView.swift in Sources */ = {isa = PBXBuildFile; fileRef = 46BCA5CA29F8421400D07989 /* HomeView.swift */; };
		46BD14DD29E2767900C3BBE4 /* tempoApp.swift in Sources */ = {isa = PBXBuildFile; fileRef = 46BD14DC29E2767900C3BBE4 /* tempoApp.swift */; };
		46BD14DF29E2767900C3BBE4 /* Persistence.swift in Sources */ = {isa = PBXBuildFile; fileRef = 46BD14DE29E2767900C3BBE4 /* Persistence.swift */; };
		46BD14E229E2767900C3BBE4 /* tempo.xcdatamodeld in Sources */ = {isa = PBXBuildFile; fileRef = 46BD14E029E2767900C3BBE4 /* tempo.xcdatamodeld */; };
		46BD14E429E2767900C3BBE4 /* ContentView.swift in Sources */ = {isa = PBXBuildFile; fileRef = 46BD14E329E2767900C3BBE4 /* ContentView.swift */; };
		46BD14E629E2767900C3BBE4 /* Assets.xcassets in Resources */ = {isa = PBXBuildFile; fileRef = 46BD14E529E2767900C3BBE4 /* Assets.xcassets */; };
		46BD14EA29E2767900C3BBE4 /* Preview Assets.xcassets in Resources */ = {isa = PBXBuildFile; fileRef = 46BD14E929E2767900C3BBE4 /* Preview Assets.xcassets */; };
		46DD0C1829E51A2F00DBC94C /* ShareNavigationController.swift in Sources */ = {isa = PBXBuildFile; fileRef = 46DD0C1729E51A2F00DBC94C /* ShareNavigationController.swift */; };
		46DE82E129F5AC9F00A7869A /* LookupResult.swift in Sources */ = {isa = PBXBuildFile; fileRef = 46DE82E029F5AC9F00A7869A /* LookupResult.swift */; };
		46DE82EA29F5AFD800A7869A /* AppInfoViewModel.swift in Sources */ = {isa = PBXBuildFile; fileRef = 46DE82E929F5AFD800A7869A /* AppInfoViewModel.swift */; };
		46DE82EC29F5AFF900A7869A /* AppInfoView.swift in Sources */ = {isa = PBXBuildFile; fileRef = 46DE82EB29F5AFF900A7869A /* AppInfoView.swift */; };
		46DE82EE29F5B11800A7869A /* AppStoreAPI.swift in Sources */ = {isa = PBXBuildFile; fileRef = 46DE82ED29F5B11800A7869A /* AppStoreAPI.swift */; };
		46EED9ED2A06E2C100899175 /* tempo.xcdatamodeld in Sources */ = {isa = PBXBuildFile; fileRef = 46BD14E029E2767900C3BBE4 /* tempo.xcdatamodeld */; };
		46EEFC6F2A068FA500839BA9 /* WrongURLView.swift in Sources */ = {isa = PBXBuildFile; fileRef = 46EEFC6E2A068FA500839BA9 /* WrongURLView.swift */; };
		46EEFC712A06900900839BA9 /* AddingAppView.swift in Sources */ = {isa = PBXBuildFile; fileRef = 46EEFC702A06900900839BA9 /* AddingAppView.swift */; };
/* End PBXBuildFile section */

/* Begin PBXContainerItemProxy section */
		46AB95C629E2E5670003A3F4 /* PBXContainerItemProxy */ = {
			isa = PBXContainerItemProxy;
			containerPortal = 46BD14D129E2767900C3BBE4 /* Project object */;
			proxyType = 1;
			remoteGlobalIDString = 46AB95BD29E2E5670003A3F4;
			remoteInfo = sharetempo;
		};
/* End PBXContainerItemProxy section */

/* Begin PBXCopyFilesBuildPhase section */
		46AB95C929E2E5670003A3F4 /* Embed Foundation Extensions */ = {
			isa = PBXCopyFilesBuildPhase;
			buildActionMask = 2147483647;
			dstPath = "";
			dstSubfolderSpec = 13;
			files = (
				46AB95C829E2E5670003A3F4 /* sharetempo.appex in Embed Foundation Extensions */,
			);
			name = "Embed Foundation Extensions";
			runOnlyForDeploymentPostprocessing = 0;
		};
/* End PBXCopyFilesBuildPhase section */

/* Begin PBXFileReference section */
		4602AC5D2A09A8E6003D2CD7 /* AppModel.swift */ = {isa = PBXFileReference; lastKnownFileType = sourcecode.swift; path = AppModel.swift; sourceTree = "<group>"; };
		460366762A02BCBA00767788 /* ShareSheetView.swift */ = {isa = PBXFileReference; lastKnownFileType = sourcecode.swift; path = ShareSheetView.swift; sourceTree = "<group>"; };
		460E3A332A0EDC6100436AF1 /* CoreDataStack.swift */ = {isa = PBXFileReference; lastKnownFileType = sourcecode.swift; path = CoreDataStack.swift; sourceTree = "<group>"; };
		465882DB29F8D4C600E2DF56 /* RootView.swift */ = {isa = PBXFileReference; lastKnownFileType = sourcecode.swift; path = RootView.swift; sourceTree = "<group>"; };
		465882DD29F8D57600E2DF56 /* LibraryView.swift */ = {isa = PBXFileReference; lastKnownFileType = sourcecode.swift; path = LibraryView.swift; sourceTree = "<group>"; };
		465882DF29F8D5BA00E2DF56 /* AppsView.swift */ = {isa = PBXFileReference; lastKnownFileType = sourcecode.swift; path = AppsView.swift; sourceTree = "<group>"; };
		46A5D85529E7C1FA00C541CE /* CoreData.swift */ = {isa = PBXFileReference; lastKnownFileType = sourcecode.swift; path = CoreData.swift; sourceTree = "<group>"; };
		46AB95BE29E2E5670003A3F4 /* sharetempo.appex */ = {isa = PBXFileReference; explicitFileType = "wrapper.app-extension"; includeInIndex = 0; path = sharetempo.appex; sourceTree = BUILT_PRODUCTS_DIR; };
		46AB95C029E2E5670003A3F4 /* ShareViewController.swift */ = {isa = PBXFileReference; lastKnownFileType = sourcecode.swift; path = ShareViewController.swift; sourceTree = "<group>"; };
		46AB95C529E2E5670003A3F4 /* Info.plist */ = {isa = PBXFileReference; lastKnownFileType = text.plist.xml; path = Info.plist; sourceTree = "<group>"; };
		46BCA5CA29F8421400D07989 /* HomeView.swift */ = {isa = PBXFileReference; lastKnownFileType = sourcecode.swift; path = HomeView.swift; sourceTree = "<group>"; };
		46BD14D929E2767900C3BBE4 /* tempo.app */ = {isa = PBXFileReference; explicitFileType = wrapper.application; includeInIndex = 0; path = tempo.app; sourceTree = BUILT_PRODUCTS_DIR; };
		46BD14DC29E2767900C3BBE4 /* tempoApp.swift */ = {isa = PBXFileReference; lastKnownFileType = sourcecode.swift; path = tempoApp.swift; sourceTree = "<group>"; };
		46BD14DE29E2767900C3BBE4 /* Persistence.swift */ = {isa = PBXFileReference; lastKnownFileType = sourcecode.swift; path = Persistence.swift; sourceTree = "<group>"; };
		46BD14E129E2767900C3BBE4 /* tempo.xcdatamodel */ = {isa = PBXFileReference; lastKnownFileType = wrapper.xcdatamodel; path = tempo.xcdatamodel; sourceTree = "<group>"; };
		46BD14E329E2767900C3BBE4 /* ContentView.swift */ = {isa = PBXFileReference; lastKnownFileType = sourcecode.swift; path = ContentView.swift; sourceTree = "<group>"; };
		46BD14E529E2767900C3BBE4 /* Assets.xcassets */ = {isa = PBXFileReference; lastKnownFileType = folder.assetcatalog; path = Assets.xcassets; sourceTree = "<group>"; };
		46BD14E729E2767900C3BBE4 /* tempo.entitlements */ = {isa = PBXFileReference; lastKnownFileType = text.plist.entitlements; path = tempo.entitlements; sourceTree = "<group>"; };
		46BD14E929E2767900C3BBE4 /* Preview Assets.xcassets */ = {isa = PBXFileReference; lastKnownFileType = folder.assetcatalog; path = "Preview Assets.xcassets"; sourceTree = "<group>"; };
		46DD0C1729E51A2F00DBC94C /* ShareNavigationController.swift */ = {isa = PBXFileReference; lastKnownFileType = sourcecode.swift; path = ShareNavigationController.swift; sourceTree = "<group>"; };
		46DD0C1929E5407300DBC94C /* sharetempo.entitlements */ = {isa = PBXFileReference; lastKnownFileType = text.plist.entitlements; path = sharetempo.entitlements; sourceTree = "<group>"; };
		46DE82E029F5AC9F00A7869A /* LookupResult.swift */ = {isa = PBXFileReference; lastKnownFileType = sourcecode.swift; path = LookupResult.swift; sourceTree = "<group>"; };
		46DE82E929F5AFD800A7869A /* AppInfoViewModel.swift */ = {isa = PBXFileReference; lastKnownFileType = sourcecode.swift; path = AppInfoViewModel.swift; sourceTree = "<group>"; };
		46DE82EB29F5AFF900A7869A /* AppInfoView.swift */ = {isa = PBXFileReference; lastKnownFileType = sourcecode.swift; path = AppInfoView.swift; sourceTree = "<group>"; };
		46DE82ED29F5B11800A7869A /* AppStoreAPI.swift */ = {isa = PBXFileReference; lastKnownFileType = sourcecode.swift; path = AppStoreAPI.swift; sourceTree = "<group>"; };
		46EEFC6E2A068FA500839BA9 /* WrongURLView.swift */ = {isa = PBXFileReference; lastKnownFileType = sourcecode.swift; path = WrongURLView.swift; sourceTree = "<group>"; };
		46EEFC702A06900900839BA9 /* AddingAppView.swift */ = {isa = PBXFileReference; lastKnownFileType = sourcecode.swift; path = AddingAppView.swift; sourceTree = "<group>"; };
/* End PBXFileReference section */

/* Begin PBXFrameworksBuildPhase section */
		46AB95BB29E2E5670003A3F4 /* Frameworks */ = {
			isa = PBXFrameworksBuildPhase;
			buildActionMask = 2147483647;
			files = (
			);
			runOnlyForDeploymentPostprocessing = 0;
		};
		46BD14D629E2767900C3BBE4 /* Frameworks */ = {
			isa = PBXFrameworksBuildPhase;
			buildActionMask = 2147483647;
			files = (
			);
			runOnlyForDeploymentPostprocessing = 0;
		};
/* End PBXFrameworksBuildPhase section */

/* Begin PBXGroup section */
		46AB95BF29E2E5670003A3F4 /* sharetempo */ = {
			isa = PBXGroup;
			children = (
				46DD0C1929E5407300DBC94C /* sharetempo.entitlements */,
				46AB95C029E2E5670003A3F4 /* ShareViewController.swift */,
				46AB95C529E2E5670003A3F4 /* Info.plist */,
				46DD0C1729E51A2F00DBC94C /* ShareNavigationController.swift */,
				460366762A02BCBA00767788 /* ShareSheetView.swift */,
				46EEFC6E2A068FA500839BA9 /* WrongURLView.swift */,
				46EEFC702A06900900839BA9 /* AddingAppView.swift */,
			);
			path = sharetempo;
			sourceTree = "<group>";
		};
		46BD14D029E2767900C3BBE4 = {
			isa = PBXGroup;
			children = (
				46BD14DB29E2767900C3BBE4 /* tempo */,
				46AB95BF29E2E5670003A3F4 /* sharetempo */,
				46BD14DA29E2767900C3BBE4 /* Products */,
			);
			sourceTree = "<group>";
		};
		46BD14DA29E2767900C3BBE4 /* Products */ = {
			isa = PBXGroup;
			children = (
				46BD14D929E2767900C3BBE4 /* tempo.app */,
				46AB95BE29E2E5670003A3F4 /* sharetempo.appex */,
			);
			name = Products;
			sourceTree = "<group>";
		};
		46BD14DB29E2767900C3BBE4 /* tempo */ = {
			isa = PBXGroup;
			children = (
				46BD14DC29E2767900C3BBE4 /* tempoApp.swift */,
				46BD14E829E2767900C3BBE4 /* Preview Content */,
				46BD14E329E2767900C3BBE4 /* ContentView.swift */,
				46BD14DE29E2767900C3BBE4 /* Persistence.swift */,
				46BD14E529E2767900C3BBE4 /* Assets.xcassets */,
				46BD14E729E2767900C3BBE4 /* tempo.entitlements */,
				46BD14E029E2767900C3BBE4 /* tempo.xcdatamodeld */,
				46A5D85529E7C1FA00C541CE /* CoreData.swift */,
				46DE82E229F5AEB300A7869A /* Models */,
				46DE82EF29F5B28800A7869A /* Networking */,
				46DE82E829F5AFCA00A7869A /* ViewModels */,
				46DE82E529F5AEDC00A7869A /* Views */,
				460E3A332A0EDC6100436AF1 /* CoreDataStack.swift */,
			);
			path = tempo;
			sourceTree = "<group>";
		};
		46BD14E829E2767900C3BBE4 /* Preview Content */ = {
			isa = PBXGroup;
			children = (
				46BD14E929E2767900C3BBE4 /* Preview Assets.xcassets */,
			);
			path = "Preview Content";
			sourceTree = "<group>";
		};
		46DE82E229F5AEB300A7869A /* Models */ = {
			isa = PBXGroup;
			children = (
				46DE82E029F5AC9F00A7869A /* LookupResult.swift */,
				4602AC5D2A09A8E6003D2CD7 /* AppModel.swift */,
			);
			path = Models;
			sourceTree = "<group>";
		};
		46DE82E529F5AEDC00A7869A /* Views */ = {
			isa = PBXGroup;
			children = (
				465882DB29F8D4C600E2DF56 /* RootView.swift */,
				46DE82EB29F5AFF900A7869A /* AppInfoView.swift */,
				46BCA5CA29F8421400D07989 /* HomeView.swift */,
				465882DD29F8D57600E2DF56 /* LibraryView.swift */,
				465882DF29F8D5BA00E2DF56 /* AppsView.swift */,
			);
			path = Views;
			sourceTree = "<group>";
		};
		46DE82E829F5AFCA00A7869A /* ViewModels */ = {
			isa = PBXGroup;
			children = (
				46DE82E929F5AFD800A7869A /* AppInfoViewModel.swift */,
			);
			path = ViewModels;
			sourceTree = "<group>";
		};
		46DE82EF29F5B28800A7869A /* Networking */ = {
			isa = PBXGroup;
			children = (
				46DE82ED29F5B11800A7869A /* AppStoreAPI.swift */,
			);
			path = Networking;
			sourceTree = "<group>";
		};
/* End PBXGroup section */

/* Begin PBXNativeTarget section */
		46AB95BD29E2E5670003A3F4 /* sharetempo */ = {
			isa = PBXNativeTarget;
			buildConfigurationList = 46AB95CC29E2E5670003A3F4 /* Build configuration list for PBXNativeTarget "sharetempo" */;
			buildPhases = (
				46AB95BA29E2E5670003A3F4 /* Sources */,
				46AB95BB29E2E5670003A3F4 /* Frameworks */,
				46AB95BC29E2E5670003A3F4 /* Resources */,
			);
			buildRules = (
			);
			dependencies = (
			);
			name = sharetempo;
			productName = sharetempo;
			productReference = 46AB95BE29E2E5670003A3F4 /* sharetempo.appex */;
			productType = "com.apple.product-type.app-extension";
		};
		46BD14D829E2767900C3BBE4 /* tempo */ = {
			isa = PBXNativeTarget;
			buildConfigurationList = 46BD14ED29E2767900C3BBE4 /* Build configuration list for PBXNativeTarget "tempo" */;
			buildPhases = (
				46BD14D529E2767900C3BBE4 /* Sources */,
				46BD14D629E2767900C3BBE4 /* Frameworks */,
				46BD14D729E2767900C3BBE4 /* Resources */,
				46AB95C929E2E5670003A3F4 /* Embed Foundation Extensions */,
			);
			buildRules = (
			);
			dependencies = (
				46AB95C729E2E5670003A3F4 /* PBXTargetDependency */,
			);
			name = tempo;
			productName = tempo;
			productReference = 46BD14D929E2767900C3BBE4 /* tempo.app */;
			productType = "com.apple.product-type.application";
		};
/* End PBXNativeTarget section */

/* Begin PBXProject section */
		46BD14D129E2767900C3BBE4 /* Project object */ = {
			isa = PBXProject;
			attributes = {
				BuildIndependentTargetsInParallel = 1;
				LastSwiftUpdateCheck = 1430;
				LastUpgradeCheck = 1430;
				TargetAttributes = {
					46AB95BD29E2E5670003A3F4 = {
						CreatedOnToolsVersion = 14.3;
					};
					46BD14D829E2767900C3BBE4 = {
						CreatedOnToolsVersion = 14.3;
					};
				};
			};
			buildConfigurationList = 46BD14D429E2767900C3BBE4 /* Build configuration list for PBXProject "tempo" */;
			compatibilityVersion = "Xcode 14.0";
			developmentRegion = en;
			hasScannedForEncodings = 0;
			knownRegions = (
				en,
				Base,
			);
			mainGroup = 46BD14D029E2767900C3BBE4;
			productRefGroup = 46BD14DA29E2767900C3BBE4 /* Products */;
			projectDirPath = "";
			projectRoot = "";
			targets = (
				46BD14D829E2767900C3BBE4 /* tempo */,
				46AB95BD29E2E5670003A3F4 /* sharetempo */,
			);
		};
/* End PBXProject section */

/* Begin PBXResourcesBuildPhase section */
		46AB95BC29E2E5670003A3F4 /* Resources */ = {
			isa = PBXResourcesBuildPhase;
			buildActionMask = 2147483647;
			files = (
				46AF379F29FF0EB10076982E /* Assets.xcassets in Resources */,
			);
			runOnlyForDeploymentPostprocessing = 0;
		};
		46BD14D729E2767900C3BBE4 /* Resources */ = {
			isa = PBXResourcesBuildPhase;
			buildActionMask = 2147483647;
			files = (
				46BD14EA29E2767900C3BBE4 /* Preview Assets.xcassets in Resources */,
				46BD14E629E2767900C3BBE4 /* Assets.xcassets in Resources */,
			);
			runOnlyForDeploymentPostprocessing = 0;
		};
/* End PBXResourcesBuildPhase section */

/* Begin PBXSourcesBuildPhase section */
		46AB95BA29E2E5670003A3F4 /* Sources */ = {
			isa = PBXSourcesBuildPhase;
			buildActionMask = 2147483647;
			files = (
				46EEFC6F2A068FA500839BA9 /* WrongURLView.swift in Sources */,
				46AB95C129E2E5670003A3F4 /* ShareViewController.swift in Sources */,
				4606162A2A0DABB4007F43FC /* AppModel.swift in Sources */,
				46AF379E29FF03670076982E /* LookupResult.swift in Sources */,
				46AF37A429FF18470076982E /* AppStoreAPI.swift in Sources */,
				460366772A02BCBA00767788 /* ShareSheetView.swift in Sources */,
				460E3A352A0EDC6100436AF1 /* CoreDataStack.swift in Sources */,
				46EEFC712A06900900839BA9 /* AddingAppView.swift in Sources */,
				46EED9ED2A06E2C100899175 /* tempo.xcdatamodeld in Sources */,
				46A5D85729E7C29F00C541CE /* CoreData.swift in Sources */,
				46DD0C1829E51A2F00DBC94C /* ShareNavigationController.swift in Sources */,
			);
			runOnlyForDeploymentPostprocessing = 0;
		};
		46BD14D529E2767900C3BBE4 /* Sources */ = {
			isa = PBXSourcesBuildPhase;
			buildActionMask = 2147483647;
			files = (
				460E3A342A0EDC6100436AF1 /* CoreDataStack.swift in Sources */,
				46BD14DD29E2767900C3BBE4 /* tempoApp.swift in Sources */,
				46BD14DF29E2767900C3BBE4 /* Persistence.swift in Sources */,
				46DE82EC29F5AFF900A7869A /* AppInfoView.swift in Sources */,
				4602AC5E2A09A8E6003D2CD7 /* AppModel.swift in Sources */,
				46BCA5CB29F8421400D07989 /* HomeView.swift in Sources */,
				465882DE29F8D57600E2DF56 /* LibraryView.swift in Sources */,
				46DE82EE29F5B11800A7869A /* AppStoreAPI.swift in Sources */,
				46BD14E429E2767900C3BBE4 /* ContentView.swift in Sources */,
				46BD14E229E2767900C3BBE4 /* tempo.xcdatamodeld in Sources */,
				46A5D85629E7C1FA00C541CE /* CoreData.swift in Sources */,
				46DE82EA29F5AFD800A7869A /* AppInfoViewModel.swift in Sources */,
				46DE82E129F5AC9F00A7869A /* LookupResult.swift in Sources */,
				465882DC29F8D4C600E2DF56 /* RootView.swift in Sources */,
				465882E029F8D5BA00E2DF56 /* AppsView.swift in Sources */,
			);
			runOnlyForDeploymentPostprocessing = 0;
		};
/* End PBXSourcesBuildPhase section */

/* Begin PBXTargetDependency section */
		46AB95C729E2E5670003A3F4 /* PBXTargetDependency */ = {
			isa = PBXTargetDependency;
			target = 46AB95BD29E2E5670003A3F4 /* sharetempo */;
			targetProxy = 46AB95C629E2E5670003A3F4 /* PBXContainerItemProxy */;
		};
/* End PBXTargetDependency section */

/* Begin XCBuildConfiguration section */
		46AB95CA29E2E5670003A3F4 /* Debug */ = {
			isa = XCBuildConfiguration;
			buildSettings = {
				CODE_SIGN_ENTITLEMENTS = sharetempo/sharetempo.entitlements;
				CODE_SIGN_STYLE = Automatic;
				CURRENT_PROJECT_VERSION = 1;
				DEVELOPMENT_TEAM = 2PT2WK79D9;
				GENERATE_INFOPLIST_FILE = YES;
				INFOPLIST_FILE = sharetempo/Info.plist;
				INFOPLIST_KEY_CFBundleDisplayName = sharetempo;
				INFOPLIST_KEY_NSHumanReadableCopyright = "";
				IPHONEOS_DEPLOYMENT_TARGET = 16.0;
				LD_RUNPATH_SEARCH_PATHS = (
					"$(inherited)",
					"@executable_path/Frameworks",
					"@executable_path/../../Frameworks",
				);
				MARKETING_VERSION = 1.0;
				PRODUCT_BUNDLE_IDENTIFIER = com.vegapunk.tempo.extension;
				PRODUCT_NAME = "$(TARGET_NAME)";
				SDKROOT = iphoneos;
				SKIP_INSTALL = YES;
				SWIFT_EMIT_LOC_STRINGS = YES;
				SWIFT_VERSION = 5.0;
				TARGETED_DEVICE_FAMILY = "1,2";
			};
			name = Debug;
		};
		46AB95CB29E2E5670003A3F4 /* Release */ = {
			isa = XCBuildConfiguration;
			buildSettings = {
				CODE_SIGN_ENTITLEMENTS = sharetempo/sharetempo.entitlements;
				CODE_SIGN_STYLE = Automatic;
				CURRENT_PROJECT_VERSION = 1;
				DEVELOPMENT_TEAM = 2PT2WK79D9;
				GENERATE_INFOPLIST_FILE = YES;
				INFOPLIST_FILE = sharetempo/Info.plist;
				INFOPLIST_KEY_CFBundleDisplayName = sharetempo;
				INFOPLIST_KEY_NSHumanReadableCopyright = "";
				IPHONEOS_DEPLOYMENT_TARGET = 16.0;
				LD_RUNPATH_SEARCH_PATHS = (
					"$(inherited)",
					"@executable_path/Frameworks",
					"@executable_path/../../Frameworks",
				);
				MARKETING_VERSION = 1.0;
				PRODUCT_BUNDLE_IDENTIFIER = com.vegapunk.tempo.extension;
				PRODUCT_NAME = "$(TARGET_NAME)";
				SDKROOT = iphoneos;
				SKIP_INSTALL = YES;
				SWIFT_EMIT_LOC_STRINGS = YES;
				SWIFT_VERSION = 5.0;
				TARGETED_DEVICE_FAMILY = "1,2";
				VALIDATE_PRODUCT = YES;
			};
			name = Release;
		};
		46BD14EB29E2767900C3BBE4 /* Debug */ = {
			isa = XCBuildConfiguration;
			buildSettings = {
				ALWAYS_SEARCH_USER_PATHS = NO;
				CLANG_ANALYZER_NONNULL = YES;
				CLANG_ANALYZER_NUMBER_OBJECT_CONVERSION = YES_AGGRESSIVE;
				CLANG_CXX_LANGUAGE_STANDARD = "gnu++20";
				CLANG_ENABLE_MODULES = YES;
				CLANG_ENABLE_OBJC_ARC = YES;
				CLANG_ENABLE_OBJC_WEAK = YES;
				CLANG_WARN_BLOCK_CAPTURE_AUTORELEASING = YES;
				CLANG_WARN_BOOL_CONVERSION = YES;
				CLANG_WARN_COMMA = YES;
				CLANG_WARN_CONSTANT_CONVERSION = YES;
				CLANG_WARN_DEPRECATED_OBJC_IMPLEMENTATIONS = YES;
				CLANG_WARN_DIRECT_OBJC_ISA_USAGE = YES_ERROR;
				CLANG_WARN_DOCUMENTATION_COMMENTS = YES;
				CLANG_WARN_EMPTY_BODY = YES;
				CLANG_WARN_ENUM_CONVERSION = YES;
				CLANG_WARN_INFINITE_RECURSION = YES;
				CLANG_WARN_INT_CONVERSION = YES;
				CLANG_WARN_NON_LITERAL_NULL_CONVERSION = YES;
				CLANG_WARN_OBJC_IMPLICIT_RETAIN_SELF = YES;
				CLANG_WARN_OBJC_LITERAL_CONVERSION = YES;
				CLANG_WARN_OBJC_ROOT_CLASS = YES_ERROR;
				CLANG_WARN_QUOTED_INCLUDE_IN_FRAMEWORK_HEADER = YES;
				CLANG_WARN_RANGE_LOOP_ANALYSIS = YES;
				CLANG_WARN_STRICT_PROTOTYPES = YES;
				CLANG_WARN_SUSPICIOUS_MOVE = YES;
				CLANG_WARN_UNGUARDED_AVAILABILITY = YES_AGGRESSIVE;
				CLANG_WARN_UNREACHABLE_CODE = YES;
				CLANG_WARN__DUPLICATE_METHOD_MATCH = YES;
				COPY_PHASE_STRIP = NO;
				DEBUG_INFORMATION_FORMAT = dwarf;
				ENABLE_STRICT_OBJC_MSGSEND = YES;
				ENABLE_TESTABILITY = YES;
				GCC_C_LANGUAGE_STANDARD = gnu11;
				GCC_DYNAMIC_NO_PIC = NO;
				GCC_NO_COMMON_BLOCKS = YES;
				GCC_OPTIMIZATION_LEVEL = 0;
				GCC_PREPROCESSOR_DEFINITIONS = (
					"DEBUG=1",
					"$(inherited)",
				);
				GCC_WARN_64_TO_32_BIT_CONVERSION = YES;
				GCC_WARN_ABOUT_RETURN_TYPE = YES_ERROR;
				GCC_WARN_UNDECLARED_SELECTOR = YES;
				GCC_WARN_UNINITIALIZED_AUTOS = YES_AGGRESSIVE;
				GCC_WARN_UNUSED_FUNCTION = YES;
				GCC_WARN_UNUSED_VARIABLE = YES;
				IPHONEOS_DEPLOYMENT_TARGET = 16.0;
				MTL_ENABLE_DEBUG_INFO = INCLUDE_SOURCE;
				MTL_FAST_MATH = YES;
				ONLY_ACTIVE_ARCH = YES;
				SWIFT_ACTIVE_COMPILATION_CONDITIONS = DEBUG;
				SWIFT_OPTIMIZATION_LEVEL = "-Onone";
			};
			name = Debug;
		};
		46BD14EC29E2767900C3BBE4 /* Release */ = {
			isa = XCBuildConfiguration;
			buildSettings = {
				ALWAYS_SEARCH_USER_PATHS = NO;
				CLANG_ANALYZER_NONNULL = YES;
				CLANG_ANALYZER_NUMBER_OBJECT_CONVERSION = YES_AGGRESSIVE;
				CLANG_CXX_LANGUAGE_STANDARD = "gnu++20";
				CLANG_ENABLE_MODULES = YES;
				CLANG_ENABLE_OBJC_ARC = YES;
				CLANG_ENABLE_OBJC_WEAK = YES;
				CLANG_WARN_BLOCK_CAPTURE_AUTORELEASING = YES;
				CLANG_WARN_BOOL_CONVERSION = YES;
				CLANG_WARN_COMMA = YES;
				CLANG_WARN_CONSTANT_CONVERSION = YES;
				CLANG_WARN_DEPRECATED_OBJC_IMPLEMENTATIONS = YES;
				CLANG_WARN_DIRECT_OBJC_ISA_USAGE = YES_ERROR;
				CLANG_WARN_DOCUMENTATION_COMMENTS = YES;
				CLANG_WARN_EMPTY_BODY = YES;
				CLANG_WARN_ENUM_CONVERSION = YES;
				CLANG_WARN_INFINITE_RECURSION = YES;
				CLANG_WARN_INT_CONVERSION = YES;
				CLANG_WARN_NON_LITERAL_NULL_CONVERSION = YES;
				CLANG_WARN_OBJC_IMPLICIT_RETAIN_SELF = YES;
				CLANG_WARN_OBJC_LITERAL_CONVERSION = YES;
				CLANG_WARN_OBJC_ROOT_CLASS = YES_ERROR;
				CLANG_WARN_QUOTED_INCLUDE_IN_FRAMEWORK_HEADER = YES;
				CLANG_WARN_RANGE_LOOP_ANALYSIS = YES;
				CLANG_WARN_STRICT_PROTOTYPES = YES;
				CLANG_WARN_SUSPICIOUS_MOVE = YES;
				CLANG_WARN_UNGUARDED_AVAILABILITY = YES_AGGRESSIVE;
				CLANG_WARN_UNREACHABLE_CODE = YES;
				CLANG_WARN__DUPLICATE_METHOD_MATCH = YES;
				COPY_PHASE_STRIP = NO;
				DEBUG_INFORMATION_FORMAT = "dwarf-with-dsym";
				ENABLE_NS_ASSERTIONS = NO;
				ENABLE_STRICT_OBJC_MSGSEND = YES;
				GCC_C_LANGUAGE_STANDARD = gnu11;
				GCC_NO_COMMON_BLOCKS = YES;
				GCC_WARN_64_TO_32_BIT_CONVERSION = YES;
				GCC_WARN_ABOUT_RETURN_TYPE = YES_ERROR;
				GCC_WARN_UNDECLARED_SELECTOR = YES;
				GCC_WARN_UNINITIALIZED_AUTOS = YES_AGGRESSIVE;
				GCC_WARN_UNUSED_FUNCTION = YES;
				GCC_WARN_UNUSED_VARIABLE = YES;
				IPHONEOS_DEPLOYMENT_TARGET = 16.0;
				MTL_ENABLE_DEBUG_INFO = NO;
				MTL_FAST_MATH = YES;
				SWIFT_COMPILATION_MODE = wholemodule;
				SWIFT_OPTIMIZATION_LEVEL = "-O";
			};
			name = Release;
		};
		46BD14EE29E2767900C3BBE4 /* Debug */ = {
			isa = XCBuildConfiguration;
			buildSettings = {
				ALWAYS_EMBED_SWIFT_STANDARD_LIBRARIES = YES;
				ASSETCATALOG_COMPILER_APPICON_NAME = AppIcon;
				ASSETCATALOG_COMPILER_GLOBAL_ACCENT_COLOR_NAME = AccentColor;
				CODE_SIGN_ENTITLEMENTS = tempo/tempo.entitlements;
				CODE_SIGN_STYLE = Automatic;
				CURRENT_PROJECT_VERSION = 1;
				DEVELOPMENT_ASSET_PATHS = "\"tempo/Preview Content\"";
				DEVELOPMENT_TEAM = 2PT2WK79D9;
				ENABLE_HARDENED_RUNTIME = YES;
				ENABLE_PREVIEWS = YES;
				GENERATE_INFOPLIST_FILE = YES;
				"INFOPLIST_KEY_UIApplicationSceneManifest_Generation[sdk=iphoneos*]" = YES;
				"INFOPLIST_KEY_UIApplicationSceneManifest_Generation[sdk=iphonesimulator*]" = YES;
				"INFOPLIST_KEY_UIApplicationSupportsIndirectInputEvents[sdk=iphoneos*]" = YES;
				"INFOPLIST_KEY_UIApplicationSupportsIndirectInputEvents[sdk=iphonesimulator*]" = YES;
				"INFOPLIST_KEY_UILaunchScreen_Generation[sdk=iphoneos*]" = YES;
				"INFOPLIST_KEY_UILaunchScreen_Generation[sdk=iphonesimulator*]" = YES;
				"INFOPLIST_KEY_UIStatusBarStyle[sdk=iphoneos*]" = UIStatusBarStyleDefault;
				"INFOPLIST_KEY_UIStatusBarStyle[sdk=iphonesimulator*]" = UIStatusBarStyleDefault;
				INFOPLIST_KEY_UISupportedInterfaceOrientations = UIInterfaceOrientationPortrait;
				INFOPLIST_KEY_UISupportedInterfaceOrientations_iPad = "UIInterfaceOrientationLandscapeLeft UIInterfaceOrientationLandscapeRight UIInterfaceOrientationPortrait UIInterfaceOrientationPortraitUpsideDown";
				IPHONEOS_DEPLOYMENT_TARGET = 16.0;
				LD_RUNPATH_SEARCH_PATHS = "@executable_path/Frameworks";
				"LD_RUNPATH_SEARCH_PATHS[sdk=macosx*]" = "@executable_path/../Frameworks";
				MACOSX_DEPLOYMENT_TARGET = 13.2;
				MARKETING_VERSION = 1.0;
				PRODUCT_BUNDLE_IDENTIFIER = com.vegapunk.tempo;
				PRODUCT_NAME = "$(TARGET_NAME)";
				SDKROOT = auto;
				SUPPORTED_PLATFORMS = "iphoneos iphonesimulator";
				SUPPORTS_MACCATALYST = NO;
				SUPPORTS_MAC_DESIGNED_FOR_IPHONE_IPAD = NO;
				SWIFT_EMIT_LOC_STRINGS = YES;
				SWIFT_VERSION = 5.0;
				TARGETED_DEVICE_FAMILY = 1;
			};
			name = Debug;
		};
		46BD14EF29E2767900C3BBE4 /* Release */ = {
			isa = XCBuildConfiguration;
			buildSettings = {
				ALWAYS_EMBED_SWIFT_STANDARD_LIBRARIES = YES;
				ASSETCATALOG_COMPILER_APPICON_NAME = AppIcon;
				ASSETCATALOG_COMPILER_GLOBAL_ACCENT_COLOR_NAME = AccentColor;
				CODE_SIGN_ENTITLEMENTS = tempo/tempo.entitlements;
				CODE_SIGN_STYLE = Automatic;
				CURRENT_PROJECT_VERSION = 1;
				DEVELOPMENT_ASSET_PATHS = "\"tempo/Preview Content\"";
				DEVELOPMENT_TEAM = 2PT2WK79D9;
				ENABLE_HARDENED_RUNTIME = YES;
				ENABLE_PREVIEWS = YES;
				GENERATE_INFOPLIST_FILE = YES;
				"INFOPLIST_KEY_UIApplicationSceneManifest_Generation[sdk=iphoneos*]" = YES;
				"INFOPLIST_KEY_UIApplicationSceneManifest_Generation[sdk=iphonesimulator*]" = YES;
				"INFOPLIST_KEY_UIApplicationSupportsIndirectInputEvents[sdk=iphoneos*]" = YES;
				"INFOPLIST_KEY_UIApplicationSupportsIndirectInputEvents[sdk=iphonesimulator*]" = YES;
				"INFOPLIST_KEY_UILaunchScreen_Generation[sdk=iphoneos*]" = YES;
				"INFOPLIST_KEY_UILaunchScreen_Generation[sdk=iphonesimulator*]" = YES;
				"INFOPLIST_KEY_UIStatusBarStyle[sdk=iphoneos*]" = UIStatusBarStyleDefault;
				"INFOPLIST_KEY_UIStatusBarStyle[sdk=iphonesimulator*]" = UIStatusBarStyleDefault;
				INFOPLIST_KEY_UISupportedInterfaceOrientations = UIInterfaceOrientationPortrait;
				INFOPLIST_KEY_UISupportedInterfaceOrientations_iPad = "UIInterfaceOrientationLandscapeLeft UIInterfaceOrientationLandscapeRight UIInterfaceOrientationPortrait UIInterfaceOrientationPortraitUpsideDown";
				IPHONEOS_DEPLOYMENT_TARGET = 16.0;
				LD_RUNPATH_SEARCH_PATHS = "@executable_path/Frameworks";
				"LD_RUNPATH_SEARCH_PATHS[sdk=macosx*]" = "@executable_path/../Frameworks";
				MACOSX_DEPLOYMENT_TARGET = 13.2;
				MARKETING_VERSION = 1.0;
				PRODUCT_BUNDLE_IDENTIFIER = com.vegapunk.tempo;
				PRODUCT_NAME = "$(TARGET_NAME)";
				SDKROOT = auto;
				SUPPORTED_PLATFORMS = "iphoneos iphonesimulator";
				SUPPORTS_MACCATALYST = NO;
				SUPPORTS_MAC_DESIGNED_FOR_IPHONE_IPAD = NO;
				SWIFT_EMIT_LOC_STRINGS = YES;
				SWIFT_VERSION = 5.0;
				TARGETED_DEVICE_FAMILY = 1;
			};
			name = Release;
		};
/* End XCBuildConfiguration section */

/* Begin XCConfigurationList section */
		46AB95CC29E2E5670003A3F4 /* Build configuration list for PBXNativeTarget "sharetempo" */ = {
			isa = XCConfigurationList;
			buildConfigurations = (
				46AB95CA29E2E5670003A3F4 /* Debug */,
				46AB95CB29E2E5670003A3F4 /* Release */,
			);
			defaultConfigurationIsVisible = 0;
			defaultConfigurationName = Release;
		};
		46BD14D429E2767900C3BBE4 /* Build configuration list for PBXProject "tempo" */ = {
			isa = XCConfigurationList;
			buildConfigurations = (
				46BD14EB29E2767900C3BBE4 /* Debug */,
				46BD14EC29E2767900C3BBE4 /* Release */,
			);
			defaultConfigurationIsVisible = 0;
			defaultConfigurationName = Release;
		};
		46BD14ED29E2767900C3BBE4 /* Build configuration list for PBXNativeTarget "tempo" */ = {
			isa = XCConfigurationList;
			buildConfigurations = (
				46BD14EE29E2767900C3BBE4 /* Debug */,
				46BD14EF29E2767900C3BBE4 /* Release */,
			);
			defaultConfigurationIsVisible = 0;
			defaultConfigurationName = Release;
		};
/* End XCConfigurationList section */

/* Begin XCVersionGroup section */
		46BD14E029E2767900C3BBE4 /* tempo.xcdatamodeld */ = {
			isa = XCVersionGroup;
			children = (
				46BD14E129E2767900C3BBE4 /* tempo.xcdatamodel */,
			);
			currentVersion = 46BD14E129E2767900C3BBE4 /* tempo.xcdatamodel */;
			path = tempo.xcdatamodeld;
			sourceTree = "<group>";
			versionGroupType = wrapper.xcdatamodel;
		};
/* End XCVersionGroup section */
	};
	rootObject = 46BD14D129E2767900C3BBE4 /* Project object */;
}
